
Microsoft Visual Studio Solution File, Format Version 12.00
# Visual Studio 2012
Project("{FAE04EC0-301F-11D3-BF4B-00C04F79EFBC}") = "StudentManagementFoam", "StudentManagementFoam\StudentManagementFoam.csproj", "{CA355BA2-B90C-4A2A-A425-740235F249FE}"
EndProject
Global
	GlobalSection(SolutionConfigurationPlatforms) = preSolution
		Debug|Any CPU = Debug|Any CPU
		Release|Any CPU = Release|Any CPU
	EndGlobalSection
	GlobalSection(ProjectConfigurationPlatforms) = postSolution
		{CA355BA2-B90C-4A2A-A425-740235F249FE}.Debug|Any CPU.ActiveCfg = Debug|Any CPU
		{CA355BA2-B90C-4A2A-A425-740235F249FE}.Debug|Any CPU.Build.0 = Debug|Any CPU
		{CA355BA2-B90C-4A2A-A425-740235F249FE}.Release|Any CPU.ActiveCfg = Release|Any CPU
		{CA355BA2-B90C-4A2A-A425-740235F249FE}.Release|Any CPU.Build.0 = Release|Any CPU
	EndGlobalSection
	GlobalSection(SolutionProperties) = preSolution
		HideSolutionNode = FALSE
	EndGlobalSection
EndGlobal
